
Microsoft Visual Studio Solution File, Format Version 12.00
# Visual Studio Version 17
VisualStudioVersion = 17.3.32825.248
MinimumVisualStudioVersion = 10.0.40219.1
Project("{FAE04EC0-301F-11D3-BF4B-00C04F79EFBC}") = "LAB4", "LAB4\LAB4.csproj", "{4FBCEE4E-CDB6-4603-ACFF-CB34F3245C68}"
EndProject
Global
	GlobalSection(SolutionConfigurationPlatforms) = preSolution
		Debug|Any CPU = Debug|Any CPU
		Release|Any CPU = Release|Any CPU
	EndGlobalSection
	GlobalSection(ProjectConfigurationPlatforms) = postSolution
		{4FBCEE4E-CDB6-4603-ACFF-CB34F3245C68}.Debug|Any CPU.ActiveCfg = Debug|Any CPU
		{4FBCEE4E-CDB6-4603-ACFF-CB34F3245C68}.Debug|Any CPU.Build.0 = Debug|Any CPU
		{4FBCEE4E-CDB6-4603-ACFF-CB34F3245C68}.Release|Any CPU.ActiveCfg = Release|Any CPU
		{4FBCEE4E-CDB6-4603-ACFF-CB34F3245C68}.Release|Any CPU.Build.0 = Release|Any CPU
	EndGlobalSection
	GlobalSection(SolutionProperties) = preSolution
		HideSolutionNode = FALSE
	EndGlobalSection
	GlobalSection(ExtensibilityGlobals) = postSolution
		SolutionGuid = {380A54A6-A75E-463D-9CBD-A6F65F07A25B}
	EndGlobalSection
EndGlobal
